
Microsoft Visual Studio Solution File, Format Version 12.00
# Visual Studio Version 17
VisualStudioVersion = 17.6.33815.320
MinimumVisualStudioVersion = 10.0.40219.1
Project("{9A19103F-16F7-4668-BE54-9A1E7A4F7556}") = "Yad2", "Yad2\Yad2.csproj", "{0D3F7628-487E-49B1-A77E-9BAE5B2725D2}"
EndProject
Project("{FAE04EC0-301F-11D3-BF4B-00C04F79EFBC}") = "UnitTest", "UnitTest\UnitTest.csproj", "{82851E28-1312-4929-8E08-055709F54C9D}"
EndProject
Global
	GlobalSection(SolutionConfigurationPlatforms) = preSolution
		Debug|Any CPU = Debug|Any CPU
		Release|Any CPU = Release|Any CPU
	EndGlobalSection
	GlobalSection(ProjectConfigurationPlatforms) = postSolution
		{0D3F7628-487E-49B1-A77E-9BAE5B2725D2}.Debug|Any CPU.ActiveCfg = Debug|Any CPU
		{0D3F7628-487E-49B1-A77E-9BAE5B2725D2}.Debug|Any CPU.Build.0 = Debug|Any CPU
		{0D3F7628-487E-49B1-A77E-9BAE5B2725D2}.Release|Any CPU.ActiveCfg = Release|Any CPU
		{0D3F7628-487E-49B1-A77E-9BAE5B2725D2}.Release|Any CPU.Build.0 = Release|Any CPU
		{82851E28-1312-4929-8E08-055709F54C9D}.Debug|Any CPU.ActiveCfg = Debug|Any CPU
		{82851E28-1312-4929-8E08-055709F54C9D}.Debug|Any CPU.Build.0 = Debug|Any CPU
		{82851E28-1312-4929-8E08-055709F54C9D}.Release|Any CPU.ActiveCfg = Release|Any CPU
		{82851E28-1312-4929-8E08-055709F54C9D}.Release|Any CPU.Build.0 = Release|Any CPU
	EndGlobalSection
	GlobalSection(SolutionProperties) = preSolution
		HideSolutionNode = FALSE
	EndGlobalSection
	GlobalSection(ExtensibilityGlobals) = postSolution
		SolutionGuid = {E63316A9-11C6-4C17-BFAD-CEEF182DDF62}
	EndGlobalSection
EndGlobal
